
Microsoft Visual Studio Solution File, Format Version 12.00
# Visual Studio Version 16
VisualStudioVersion = 16.0.30104.148
MinimumVisualStudioVersion = 10.0.40219.1
Project("{9A19103F-16F7-4668-BE54-9A1E7A4F7556}") = "WebApi", "WebApi.csproj", "{58650421-8BC6-4728-8523-B3A16AB03C4A}"
EndProject
Project("{2150E333-8FDC-42A3-9474-1A3956D46DE8}") = "Solution Items", "Solution Items", "{708F0C5D-CFEA-446F-830D-8DDF1EE4D1B7}"
	ProjectSection(SolutionItems) = preProject
		.editorconfig = .editorconfig
	EndProjectSection
EndProject
Global
	GlobalSection(SolutionConfigurationPlatforms) = preSolution
		Debug|Any CPU = Debug|Any CPU
		Release|Any CPU = Release|Any CPU
	EndGlobalSection
	GlobalSection(ProjectConfigurationPlatforms) = postSolution
		{58650421-8BC6-4728-8523-B3A16AB03C4A}.Debug|Any CPU.ActiveCfg = Debug|Any CPU
		{58650421-8BC6-4728-8523-B3A16AB03C4A}.Debug|Any CPU.Build.0 = Debug|Any CPU
		{58650421-8BC6-4728-8523-B3A16AB03C4A}.Release|Any CPU.ActiveCfg = Release|Any CPU
		{58650421-8BC6-4728-8523-B3A16AB03C4A}.Release|Any CPU.Build.0 = Release|Any CPU
	EndGlobalSection
	GlobalSection(SolutionProperties) = preSolution
		HideSolutionNode = FALSE
	EndGlobalSection
	GlobalSection(ExtensibilityGlobals) = postSolution
		SolutionGuid = {A7A90727-BF98-4D1C-A9BF-BC19E8D400B7}
	EndGlobalSection
EndGlobal
